
Microsoft Visual Studio Solution File, Format Version 12.00
# Visual Studio Version 17
VisualStudioVersion = 17.11.35222.181
MinimumVisualStudioVersion = 10.0.40219.1
Project("{FAE04EC0-301F-11D3-BF4B-00C04F79EFBC}") = "Day 1", "Day 1\Day 1.csproj", "{96BE186F-1556-4F80-BC99-D637023C38CB}"
EndProject
Global
	GlobalSection(SolutionConfigurationPlatforms) = preSolution
		Debug|Any CPU = Debug|Any CPU
		Release|Any CPU = Release|Any CPU
	EndGlobalSection
	GlobalSection(ProjectConfigurationPlatforms) = postSolution
		{96BE186F-1556-4F80-BC99-D637023C38CB}.Debug|Any CPU.ActiveCfg = Debug|Any CPU
		{96BE186F-1556-4F80-BC99-D637023C38CB}.Debug|Any CPU.Build.0 = Debug|Any CPU
		{96BE186F-1556-4F80-BC99-D637023C38CB}.Release|Any CPU.ActiveCfg = Release|Any CPU
		{96BE186F-1556-4F80-BC99-D637023C38CB}.Release|Any CPU.Build.0 = Release|Any CPU
	EndGlobalSection
	GlobalSection(SolutionProperties) = preSolution
		HideSolutionNode = FALSE
	EndGlobalSection
	GlobalSection(ExtensibilityGlobals) = postSolution
		SolutionGuid = {5AC6F38D-5C56-4E0D-BF8A-64320004CC0E}
	EndGlobalSection
EndGlobal
